
Microsoft Visual Studio Solution File, Format Version 12.00
# Visual Studio Version 17
VisualStudioVersion = 17.14.36603.0
MinimumVisualStudioVersion = 10.0.40219.1
Project("{FAE04EC0-301F-11D3-BF4B-00C04F79EFBC}") = "Visual", "Vista\Visual.csproj", "{AAFBFF40-54DB-47AA-BC2E-33B323EF2C9E}"
EndProject
Project("{FAE04EC0-301F-11D3-BF4B-00C04F79EFBC}") = "Controlador", "Controlador\Controlador.csproj", "{8C365B6C-72FB-49AC-99BF-50B7601047F5}"
EndProject
Project("{FAE04EC0-301F-11D3-BF4B-00C04F79EFBC}") = "Modelo", "Modelo\Modelo.csproj", "{6DD4C04F-8A27-4000-9A0C-AE50DFFE0969}"
EndProject
Project("{FAE04EC0-301F-11D3-BF4B-00C04F79EFBC}") = "Datos", "Datos\Datos.csproj", "{A95D63FD-87A8-44C4-8140-90907143EB79}"
EndProject
Global
	GlobalSection(SolutionConfigurationPlatforms) = preSolution
		Debug|Any CPU = Debug|Any CPU
		Release|Any CPU = Release|Any CPU
	EndGlobalSection
	GlobalSection(ProjectConfigurationPlatforms) = postSolution
		{AAFBFF40-54DB-47AA-BC2E-33B323EF2C9E}.Debug|Any CPU.ActiveCfg = Debug|Any CPU
		{AAFBFF40-54DB-47AA-BC2E-33B323EF2C9E}.Debug|Any CPU.Build.0 = Debug|Any CPU
		{AAFBFF40-54DB-47AA-BC2E-33B323EF2C9E}.Release|Any CPU.ActiveCfg = Release|Any CPU
		{AAFBFF40-54DB-47AA-BC2E-33B323EF2C9E}.Release|Any CPU.Build.0 = Release|Any CPU
		{8C365B6C-72FB-49AC-99BF-50B7601047F5}.Debug|Any CPU.ActiveCfg = Debug|Any CPU
		{8C365B6C-72FB-49AC-99BF-50B7601047F5}.Debug|Any CPU.Build.0 = Debug|Any CPU
		{8C365B6C-72FB-49AC-99BF-50B7601047F5}.Release|Any CPU.ActiveCfg = Release|Any CPU
		{8C365B6C-72FB-49AC-99BF-50B7601047F5}.Release|Any CPU.Build.0 = Release|Any CPU
		{6DD4C04F-8A27-4000-9A0C-AE50DFFE0969}.Debug|Any CPU.ActiveCfg = Debug|Any CPU
		{6DD4C04F-8A27-4000-9A0C-AE50DFFE0969}.Debug|Any CPU.Build.0 = Debug|Any CPU
		{6DD4C04F-8A27-4000-9A0C-AE50DFFE0969}.Release|Any CPU.ActiveCfg = Release|Any CPU
		{6DD4C04F-8A27-4000-9A0C-AE50DFFE0969}.Release|Any CPU.Build.0 = Release|Any CPU
		{A95D63FD-87A8-44C4-8140-90907143EB79}.Debug|Any CPU.ActiveCfg = Debug|Any CPU
		{A95D63FD-87A8-44C4-8140-90907143EB79}.Debug|Any CPU.Build.0 = Debug|Any CPU
		{A95D63FD-87A8-44C4-8140-90907143EB79}.Release|Any CPU.ActiveCfg = Release|Any CPU
		{A95D63FD-87A8-44C4-8140-90907143EB79}.Release|Any CPU.Build.0 = Release|Any CPU
	EndGlobalSection
	GlobalSection(SolutionProperties) = preSolution
		HideSolutionNode = FALSE
	EndGlobalSection
	GlobalSection(ExtensibilityGlobals) = postSolution
		SolutionGuid = {0B87F1A2-69AF-4157-80CE-90E0CD702FC3}
	EndGlobalSection
EndGlobal
